
Microsoft Visual Studio Solution File, Format Version 12.00
# Visual Studio Version 17
VisualStudioVersion = 17.14.36518.9 d17.14
MinimumVisualStudioVersion = 10.0.40219.1
Project("{8BC9CEB8-8B4A-11D0-8D11-00A0C91BC942}") = "10_7_test", "10_7_test\10_7_test.vcxproj", "{361361AA-99E8-4B4F-875C-59B70CF8678B}"
EndProject
Global
	GlobalSection(SolutionConfigurationPlatforms) = preSolution
		Debug|x64 = Debug|x64
		Debug|x86 = Debug|x86
		Release|x64 = Release|x64
		Release|x86 = Release|x86
	EndGlobalSection
	GlobalSection(ProjectConfigurationPlatforms) = postSolution
		{361361AA-99E8-4B4F-875C-59B70CF8678B}.Debug|x64.ActiveCfg = Debug|x64
		{361361AA-99E8-4B4F-875C-59B70CF8678B}.Debug|x64.Build.0 = Debug|x64
		{361361AA-99E8-4B4F-875C-59B70CF8678B}.Debug|x86.ActiveCfg = Debug|Win32
		{361361AA-99E8-4B4F-875C-59B70CF8678B}.Debug|x86.Build.0 = Debug|Win32
		{361361AA-99E8-4B4F-875C-59B70CF8678B}.Release|x64.ActiveCfg = Release|x64
		{361361AA-99E8-4B4F-875C-59B70CF8678B}.Release|x64.Build.0 = Release|x64
		{361361AA-99E8-4B4F-875C-59B70CF8678B}.Release|x86.ActiveCfg = Release|Win32
		{361361AA-99E8-4B4F-875C-59B70CF8678B}.Release|x86.Build.0 = Release|Win32
	EndGlobalSection
	GlobalSection(SolutionProperties) = preSolution
		HideSolutionNode = FALSE
	EndGlobalSection
	GlobalSection(ExtensibilityGlobals) = postSolution
		SolutionGuid = {19095DE1-0A94-4CBB-9237-4ACD7A77CEE5}
	EndGlobalSection
EndGlobal
